schema: '2.0'
stages:
  train_pipeline:
    cmd: python src/pipline/training_pipeline.py
    deps:
    - path: data/data.csv
      hash: md5
      md5: 0f9de68e012bd3aed5fa7cdc9fc421af
      size: 977501
    - path: src/pipline/training_pipeline.py
      hash: md5
      md5: 1a78443423dd030fad9a82b3be72d575
      size: 482
    outs:
    - path: artifacts/test.csv
      hash: md5
      md5: 98ffe9aa2352b3c7268183de3c911b0d
      size: 196438
    - path: artifacts/train.csv
      hash: md5
      md5: 8896b5323df206424d9961bd44fed032
      size: 782108
  ingestion:
    cmd: python src/components/data_ingestion.py
    deps:
    - path: data/data.csv
      hash: md5
      md5: 0f9de68e012bd3aed5fa7cdc9fc421af
      size: 977501
    - path: src/components/data_ingestion.py
      hash: md5
      md5: cafe6668be8291b14415a8fc917ab1f9
      size: 2150
    outs:
    - path: artifacts/test.csv
      hash: md5
      md5: 36ad7f0578d32107fc7e032a0588bd94
      size: 244639
    - path: artifacts/train.csv
      hash: md5
      md5: 15fb439d21ce80fe0a7ff286ab409a49
      size: 733907
