schema: '2.0'
stages:
  train_pipeline:
    cmd: python src/pipline/training_pipeline.py
    deps:
    - path: data/data.csv
      hash: md5
      md5: 0f9de68e012bd3aed5fa7cdc9fc421af
      size: 977501
    - path: src/pipline/training_pipeline.py
      hash: md5
      md5: 1a78443423dd030fad9a82b3be72d575
      size: 482
    outs:
    - path: artifacts/test.csv
      hash: md5
      md5: 98ffe9aa2352b3c7268183de3c911b0d
      size: 196438
    - path: artifacts/train.csv
      hash: md5
      md5: 8896b5323df206424d9961bd44fed032
      size: 782108
  ingestion:
    cmd: python src/components/data_ingestion.py
    deps:
    - path: data/data.csv
      hash: md5
      md5: 0f9de68e012bd3aed5fa7cdc9fc421af
      size: 977501
    - path: src/components/data_ingestion.py
      hash: md5
      md5: ecb5407b0ef7fc593aca8bc6da6e221f
      size: 2180
    outs:
    - path: artifacts/data_ingestion//test.csv
      hash: md5
      md5: 98ffe9aa2352b3c7268183de3c911b0d
      size: 196438
    - path: artifacts/data_ingestion//train.csv
      hash: md5
      md5: 8896b5323df206424d9961bd44fed032
      size: 782108
  validation:
    cmd: python src/components/data_validation.py
    deps:
    - path: artifacts/data_ingestion//test.csv
      hash: md5
      md5: 98ffe9aa2352b3c7268183de3c911b0d
      size: 196438
    - path: artifacts/data_ingestion//train.csv
      hash: md5
      md5: 8896b5323df206424d9961bd44fed032
      size: 782108
    - path: config/schema.yaml
      hash: md5
      md5: 4a69dee95154ea87b7b8f3581ed33956
      size: 774
    - path: src/components/data_validation.py
      hash: md5
      md5: f8c42c985019d800e2ecb9bed2413f3e
      size: 5841
    outs:
    - path: artifacts/data_validation/validated_test.csv
      hash: md5
      md5: 1852a2d1e7f28caf9b94aae8f66874d7
      size: 180972
    - path: artifacts/data_validation/validated_train.csv
      hash: md5
      md5: 050dd17b3b1bc321ad6a3fb4704878bc
      size: 719112
    - path: artifacts/data_validation/validation_report.json
      hash: md5
      md5: 4ffbbec3da2537825b4652518849394e
      size: 55
  transformation:
    cmd: python src/components/data_transformation.py
    deps:
    - path: artifacts/data_validation/validated_test.csv
      hash: md5
      md5: 1852a2d1e7f28caf9b94aae8f66874d7
      size: 180972
    - path: artifacts/data_validation/validated_train.csv
      hash: md5
      md5: 050dd17b3b1bc321ad6a3fb4704878bc
      size: 719112
    - path: config/schema.yaml
      hash: md5
      md5: 4a69dee95154ea87b7b8f3581ed33956
      size: 774
    - path: src/components/data_transformation.py
      hash: md5
      md5: 28f08afa4558ac2c71826049f2da2a56
      size: 5597
    outs:
    - path: artifacts/transformation/X_test.npy
      hash: md5
      md5: de67828fa09adcf8b8b172e7a6227336
      size: 338048
    - path: artifacts/transformation/X_train.npy
      hash: md5
      md5: 798080e959e0ef440b9bc35c639ad965
      size: 1349888
    - path: artifacts/transformation/y_test.npy
      hash: md5
      md5: 20c91c12bd462df7a9ebf39ee0a0c8e3
      size: 11392
    - path: artifacts/transformation/y_train.npy
      hash: md5
      md5: cdff2ef107a5ca2fd201035a301b72ca
      size: 45120
  model_training:
    cmd: python src/components/model_training.py
    deps:
    - path: artifacts/transformation/X_test.npy
      hash: md5
      md5: de67828fa09adcf8b8b172e7a6227336
      size: 338048
    - path: artifacts/transformation/X_train.npy
      hash: md5
      md5: 798080e959e0ef440b9bc35c639ad965
      size: 1349888
    - path: artifacts/transformation/y_test.npy
      hash: md5
      md5: 20c91c12bd462df7a9ebf39ee0a0c8e3
      size: 11392
    - path: artifacts/transformation/y_train.npy
      hash: md5
      md5: cdff2ef107a5ca2fd201035a301b72ca
      size: 45120
    - path: src/components/model_training.py
      hash: md5
      md5: 0662d4c0b6024946ca65d2ea8a8c21cb
      size: 5095
    outs:
    - path: artifacts/model_training/metrics.json
      hash: md5
      md5: 24a44a092cd607a53b553d8ce15781d5
      size: 186
